
Microsoft Visual Studio Solution File, Format Version 12.00
# Visual Studio 14
VisualStudioVersion = 14.0.24720.0
MinimumVisualStudioVersion = 10.0.40219.1
Project("{FAE04EC0-301F-11D3-BF4B-00C04F79EFBC}") = "Charlatan", "Charlatan\Charlatan.csproj", "{29FE5DF2-DC18-49A4-8841-AA3483B8B405}"
EndProject
Project("{2150E333-8FDC-42A3-9474-1A3956D46DE8}") = "ReferencedAssemblies", "ReferencedAssemblies", "{DAACBA4A-9C60-411F-BF24-2F7F4B0E6152}"
	ProjectSection(SolutionItems) = preProject
		ReferencedAssemblies\Interop.LSEXPLORERLib.dll = ReferencedAssemblies\Interop.LSEXPLORERLib.dll
		ReferencedAssemblies\Interop.LSEXPORTVCLib.dll = ReferencedAssemblies\Interop.LSEXPORTVCLib.dll
		ReferencedAssemblies\Interop.LSEXT.dll = ReferencedAssemblies\Interop.LSEXT.dll
		ReferencedAssemblies\Interop.LSExtensionWindowLib.dll = ReferencedAssemblies\Interop.LSExtensionWindowLib.dll
		ReferencedAssemblies\Interop.LSPLATEEDITORLib.dll = ReferencedAssemblies\Interop.LSPLATEEDITORLib.dll
		ReferencedAssemblies\Interop.LSSERVICEPROVIDERLib.dll = ReferencedAssemblies\Interop.LSSERVICEPROVIDERLib.dll
	EndProjectSection
EndProject
Global
	GlobalSection(SolutionConfigurationPlatforms) = preSolution
		Debug|Any CPU = Debug|Any CPU
		Release|Any CPU = Release|Any CPU
	EndGlobalSection
	GlobalSection(ProjectConfigurationPlatforms) = postSolution
		{29FE5DF2-DC18-49A4-8841-AA3483B8B405}.Debug|Any CPU.ActiveCfg = Debug|Any CPU
		{29FE5DF2-DC18-49A4-8841-AA3483B8B405}.Debug|Any CPU.Build.0 = Debug|Any CPU
		{29FE5DF2-DC18-49A4-8841-AA3483B8B405}.Release|Any CPU.ActiveCfg = Release|Any CPU
		{29FE5DF2-DC18-49A4-8841-AA3483B8B405}.Release|Any CPU.Build.0 = Release|Any CPU
	EndGlobalSection
	GlobalSection(SolutionProperties) = preSolution
		HideSolutionNode = FALSE
	EndGlobalSection
EndGlobal
